
Microsoft Visual Studio Solution File, Format Version 12.00
# Visual Studio Version 16
VisualStudioVersion = 16.0.29306.81
MinimumVisualStudioVersion = 10.0.40219.1
Project("{FAE04EC0-301F-11D3-BF4B-00C04F79EFBC}") = "Zahlensysteme", "Zahlensysteme\Zahlensysteme.csproj", "{13615E97-9011-4C52-9066-E1D4C500F8F9}"
EndProject
Global
	GlobalSection(SolutionConfigurationPlatforms) = preSolution
		Debug|Any CPU = Debug|Any CPU
		Release|Any CPU = Release|Any CPU
	EndGlobalSection
	GlobalSection(ProjectConfigurationPlatforms) = postSolution
		{13615E97-9011-4C52-9066-E1D4C500F8F9}.Debug|Any CPU.ActiveCfg = Debug|Any CPU
		{13615E97-9011-4C52-9066-E1D4C500F8F9}.Debug|Any CPU.Build.0 = Debug|Any CPU
		{13615E97-9011-4C52-9066-E1D4C500F8F9}.Release|Any CPU.ActiveCfg = Release|Any CPU
		{13615E97-9011-4C52-9066-E1D4C500F8F9}.Release|Any CPU.Build.0 = Release|Any CPU
	EndGlobalSection
	GlobalSection(SolutionProperties) = preSolution
		HideSolutionNode = FALSE
	EndGlobalSection
	GlobalSection(ExtensibilityGlobals) = postSolution
		SolutionGuid = {364767F1-310F-4ADA-BC62-8473DAE35409}
	EndGlobalSection
EndGlobal
